// !$*UTF8*$!
{
	archiveVersion = 1;
	classes = {
	};
	objectVersion = 50;
	objects = {

/* Begin PBXBuildFile section */
		1B39518A215CA8D100429D63 /* AppDelegate.m in Sources */ = {isa = PBXBuildFile; fileRef = 1B395189215CA8D100429D63 /* AppDelegate.m */; };
		1B39518D215CA8D100429D63 /* ViewController.m in Sources */ = {isa = PBXBuildFile; fileRef = 1B39518C215CA8D100429D63 /* ViewController.m */; };
		1B395190215CA8D100429D63 /* Main.storyboard in Resources */ = {isa = PBXBuildFile; fileRef = 1B39518E215CA8D100429D63 /* Main.storyboard */; };
		1B395192215CA8D400429D63 /* Assets.xcassets in Resources */ = {isa = PBXBuildFile; fileRef = 1B395191215CA8D400429D63 /* Assets.xcassets */; };
		1B395195215CA8D400429D63 /* LaunchScreen.storyboard in Resources */ = {isa = PBXBuildFile; fileRef = 1B395193215CA8D400429D63 /* LaunchScreen.storyboard */; };
		1B395198215CA8D400429D63 /* main.m in Sources */ = {isa = PBXBuildFile; fileRef = 1B395197215CA8D400429D63 /* main.m */; };
		1B3951A2215CA8D400429D63 /* MHPickerMenuTests.m in Sources */ = {isa = PBXBuildFile; fileRef = 1B3951A1215CA8D400429D63 /* MHPickerMenuTests.m */; };
		1B3951AD215CA8D400429D63 /* MHPickerMenuUITests.m in Sources */ = {isa = PBXBuildFile; fileRef = 1B3951AC215CA8D400429D63 /* MHPickerMenuUITests.m */; };
		1B3951BC215CA91700429D63 /* MHPickerMenuView.m in Sources */ = {isa = PBXBuildFile; fileRef = 1B3951BB215CA91700429D63 /* MHPickerMenuView.m */; };
		1B3951BE215CC4AC00429D63 /* shiftDataList.plist in Resources */ = {isa = PBXBuildFile; fileRef = 1B3951BD215CC4AC00429D63 /* shiftDataList.plist */; };
/* End PBXBuildFile section */

/* Begin PBXContainerItemProxy section */
		1B39519E215CA8D400429D63 /* PBXContainerItemProxy */ = {
			isa = PBXContainerItemProxy;
			containerPortal = 1B39517D215CA8D100429D63 /* Project object */;
			proxyType = 1;
			remoteGlobalIDString = 1B395184215CA8D100429D63;
			remoteInfo = MHPickerMenu;
		};
		1B3951A9215CA8D400429D63 /* PBXContainerItemProxy */ = {
			isa = PBXContainerItemProxy;
			containerPortal = 1B39517D215CA8D100429D63 /* Project object */;
			proxyType = 1;
			remoteGlobalIDString = 1B395184215CA8D100429D63;
			remoteInfo = MHPickerMenu;
		};
/* End PBXContainerItemProxy section */

/* Begin PBXFileReference section */
		1B395185215CA8D100429D63 /* MHPickerMenu.app */ = {isa = PBXFileReference; explicitFileType = wrapper.application; includeInIndex = 0; path = MHPickerMenu.app; sourceTree = BUILT_PRODUCTS_DIR; };
		1B395188215CA8D100429D63 /* AppDelegate.h */ = {isa = PBXFileReference; lastKnownFileType = sourcecode.c.h; path = AppDelegate.h; sourceTree = "<group>"; };
		1B395189215CA8D100429D63 /* AppDelegate.m */ = {isa = PBXFileReference; lastKnownFileType = sourcecode.c.objc; path = AppDelegate.m; sourceTree = "<group>"; };
		1B39518B215CA8D100429D63 /* ViewController.h */ = {isa = PBXFileReference; lastKnownFileType = sourcecode.c.h; path = ViewController.h; sourceTree = "<group>"; };
		1B39518C215CA8D100429D63 /* ViewController.m */ = {isa = PBXFileReference; lastKnownFileType = sourcecode.c.objc; path = ViewController.m; sourceTree = "<group>"; };
		1B39518F215CA8D100429D63 /* Base */ = {isa = PBXFileReference; lastKnownFileType = file.storyboard; name = Base; path = Base.lproj/Main.storyboard; sourceTree = "<group>"; };
		1B395191215CA8D400429D63 /* Assets.xcassets */ = {isa = PBXFileReference; lastKnownFileType = folder.assetcatalog; path = Assets.xcassets; sourceTree = "<group>"; };
		1B395194215CA8D400429D63 /* Base */ = {isa = PBXFileReference; lastKnownFileType = file.storyboard; name = Base; path = Base.lproj/LaunchScreen.storyboard; sourceTree = "<group>"; };
		1B395196215CA8D400429D63 /* Info.plist */ = {isa = PBXFileReference; lastKnownFileType = text.plist.xml; path = Info.plist; sourceTree = "<group>"; };
		1B395197215CA8D400429D63 /* main.m */ = {isa = PBXFileReference; lastKnownFileType = sourcecode.c.objc; path = main.m; sourceTree = "<group>"; };
		1B39519D215CA8D400429D63 /* MHPickerMenuTests.xctest */ = {isa = PBXFileReference; explicitFileType = wrapper.cfbundle; includeInIndex = 0; path = MHPickerMenuTests.xctest; sourceTree = BUILT_PRODUCTS_DIR; };
		1B3951A1215CA8D400429D63 /* MHPickerMenuTests.m */ = {isa = PBXFileReference; lastKnownFileType = sourcecode.c.objc; path = MHPickerMenuTests.m; sourceTree = "<group>"; };
		1B3951A3215CA8D400429D63 /* Info.plist */ = {isa = PBXFileReference; lastKnownFileType = text.plist.xml; path = Info.plist; sourceTree = "<group>"; };
		1B3951A8215CA8D400429D63 /* MHPickerMenuUITests.xctest */ = {isa = PBXFileReference; explicitFileType = wrapper.cfbundle; includeInIndex = 0; path = MHPickerMenuUITests.xctest; sourceTree = BUILT_PRODUCTS_DIR; };
		1B3951AC215CA8D400429D63 /* MHPickerMenuUITests.m */ = {isa = PBXFileReference; lastKnownFileType = sourcecode.c.objc; path = MHPickerMenuUITests.m; sourceTree = "<group>"; };
		1B3951AE215CA8D400429D63 /* Info.plist */ = {isa = PBXFileReference; lastKnownFileType = text.plist.xml; path = Info.plist; sourceTree = "<group>"; };
		1B3951BA215CA91700429D63 /* MHPickerMenuView.h */ = {isa = PBXFileReference; lastKnownFileType = sourcecode.c.h; path = MHPickerMenuView.h; sourceTree = "<group>"; };
		1B3951BB215CA91700429D63 /* MHPickerMenuView.m */ = {isa = PBXFileReference; lastKnownFileType = sourcecode.c.objc; path = MHPickerMenuView.m; sourceTree = "<group>"; };
		1B3951BD215CC4AC00429D63 /* shiftDataList.plist */ = {isa = PBXFileReference; lastKnownFileType = text.plist.xml; path = shiftDataList.plist; sourceTree = "<group>"; };
/* End PBXFileReference section */

/* Begin PBXFrameworksBuildPhase section */
		1B395182215CA8D100429D63 /* Frameworks */ = {
			isa = PBXFrameworksBuildPhase;
			buildActionMask = 2147483647;
			files = (
			);
			runOnlyForDeploymentPostprocessing = 0;
		};
		1B39519A215CA8D400429D63 /* Frameworks */ = {
			isa = PBXFrameworksBuildPhase;
			buildActionMask = 2147483647;
			files = (
			);
			runOnlyForDeploymentPostprocessing = 0;
		};
		1B3951A5215CA8D400429D63 /* Frameworks */ = {
			isa = PBXFrameworksBuildPhase;
			buildActionMask = 2147483647;
			files = (
			);
			runOnlyForDeploymentPostprocessing = 0;
		};
/* End PBXFrameworksBuildPhase section */

/* Begin PBXGroup section */
		1B39517C215CA8D100429D63 = {
			isa = PBXGroup;
			children = (
				1B395187215CA8D100429D63 /* MHPickerMenu */,
				1B3951A0215CA8D400429D63 /* MHPickerMenuTests */,
				1B3951AB215CA8D400429D63 /* MHPickerMenuUITests */,
				1B395186215CA8D100429D63 /* Products */,
			);
			sourceTree = "<group>";
		};
		1B395186215CA8D100429D63 /* Products */ = {
			isa = PBXGroup;
			children = (
				1B395185215CA8D100429D63 /* MHPickerMenu.app */,
				1B39519D215CA8D400429D63 /* MHPickerMenuTests.xctest */,
				1B3951A8215CA8D400429D63 /* MHPickerMenuUITests.xctest */,
			);
			name = Products;
			sourceTree = "<group>";
		};
		1B395187215CA8D100429D63 /* MHPickerMenu */ = {
			isa = PBXGroup;
			children = (
				1B3951BD215CC4AC00429D63 /* shiftDataList.plist */,
				1B3951BA215CA91700429D63 /* MHPickerMenuView.h */,
				1B3951BB215CA91700429D63 /* MHPickerMenuView.m */,
				1B395188215CA8D100429D63 /* AppDelegate.h */,
				1B395189215CA8D100429D63 /* AppDelegate.m */,
				1B39518B215CA8D100429D63 /* ViewController.h */,
				1B39518C215CA8D100429D63 /* ViewController.m */,
				1B39518E215CA8D100429D63 /* Main.storyboard */,
				1B395191215CA8D400429D63 /* Assets.xcassets */,
				1B395193215CA8D400429D63 /* LaunchScreen.storyboard */,
				1B395196215CA8D400429D63 /* Info.plist */,
				1B395197215CA8D400429D63 /* main.m */,
			);
			path = MHPickerMenu;
			sourceTree = "<group>";
		};
		1B3951A0215CA8D400429D63 /* MHPickerMenuTests */ = {
			isa = PBXGroup;
			children = (
				1B3951A1215CA8D400429D63 /* MHPickerMenuTests.m */,
				1B3951A3215CA8D400429D63 /* Info.plist */,
			);
			path = MHPickerMenuTests;
			sourceTree = "<group>";
		};
		1B3951AB215CA8D400429D63 /* MHPickerMenuUITests */ = {
			isa = PBXGroup;
			children = (
				1B3951AC215CA8D400429D63 /* MHPickerMenuUITests.m */,
				1B3951AE215CA8D400429D63 /* Info.plist */,
			);
			path = MHPickerMenuUITests;
			sourceTree = "<group>";
		};
/* End PBXGroup section */

/* Begin PBXNativeTarget section */
		1B395184215CA8D100429D63 /* MHPickerMenu */ = {
			isa = PBXNativeTarget;
			buildConfigurationList = 1B3951B1215CA8D400429D63 /* Build configuration list for PBXNativeTarget "MHPickerMenu" */;
			buildPhases = (
				1B395181215CA8D100429D63 /* Sources */,
				1B395182215CA8D100429D63 /* Frameworks */,
				1B395183215CA8D100429D63 /* Resources */,
			);
			buildRules = (
			);
			dependencies = (
			);
			name = MHPickerMenu;
			productName = MHPickerMenu;
			productReference = 1B395185215CA8D100429D63 /* MHPickerMenu.app */;
			productType = "com.apple.product-type.application";
		};
		1B39519C215CA8D400429D63 /* MHPickerMenuTests */ = {
			isa = PBXNativeTarget;
			buildConfigurationList = 1B3951B4215CA8D400429D63 /* Build configuration list for PBXNativeTarget "MHPickerMenuTests" */;
			buildPhases = (
				1B395199215CA8D400429D63 /* Sources */,
				1B39519A215CA8D400429D63 /* Frameworks */,
				1B39519B215CA8D400429D63 /* Resources */,
			);
			buildRules = (
			);
			dependencies = (
				1B39519F215CA8D400429D63 /* PBXTargetDependency */,
			);
			name = MHPickerMenuTests;
			productName = MHPickerMenuTests;
			productReference = 1B39519D215CA8D400429D63 /* MHPickerMenuTests.xctest */;
			productType = "com.apple.product-type.bundle.unit-test";
		};
		1B3951A7215CA8D400429D63 /* MHPickerMenuUITests */ = {
			isa = PBXNativeTarget;
			buildConfigurationList = 1B3951B7215CA8D400429D63 /* Build configuration list for PBXNativeTarget "MHPickerMenuUITests" */;
			buildPhases = (
				1B3951A4215CA8D400429D63 /* Sources */,
				1B3951A5215CA8D400429D63 /* Frameworks */,
				1B3951A6215CA8D400429D63 /* Resources */,
			);
			buildRules = (
			);
			dependencies = (
				1B3951AA215CA8D400429D63 /* PBXTargetDependency */,
			);
			name = MHPickerMenuUITests;
			productName = MHPickerMenuUITests;
			productReference = 1B3951A8215CA8D400429D63 /* MHPickerMenuUITests.xctest */;
			productType = "com.apple.product-type.bundle.ui-testing";
		};
/* End PBXNativeTarget section */

/* Begin PBXProject section */
		1B39517D215CA8D100429D63 /* Project object */ = {
			isa = PBXProject;
			attributes = {
				LastUpgradeCheck = 1000;
				ORGANIZATIONNAME = MengHeng;
				TargetAttributes = {
					1B395184215CA8D100429D63 = {
						CreatedOnToolsVersion = 10.0;
					};
					1B39519C215CA8D400429D63 = {
						CreatedOnToolsVersion = 10.0;
						TestTargetID = 1B395184215CA8D100429D63;
					};
					1B3951A7215CA8D400429D63 = {
						CreatedOnToolsVersion = 10.0;
						TestTargetID = 1B395184215CA8D100429D63;
					};
				};
			};
			buildConfigurationList = 1B395180215CA8D100429D63 /* Build configuration list for PBXProject "MHPickerMenu" */;
			compatibilityVersion = "Xcode 9.3";
			developmentRegion = en;
			hasScannedForEncodings = 0;
			knownRegions = (
				en,
				Base,
			);
			mainGroup = 1B39517C215CA8D100429D63;
			productRefGroup = 1B395186215CA8D100429D63 /* Products */;
			projectDirPath = "";
			projectRoot = "";
			targets = (
				1B395184215CA8D100429D63 /* MHPickerMenu */,
				1B39519C215CA8D400429D63 /* MHPickerMenuTests */,
				1B3951A7215CA8D400429D63 /* MHPickerMenuUITests */,
			);
		};
/* End PBXProject section */

/* Begin PBXResourcesBuildPhase section */
		1B395183215CA8D100429D63 /* Resources */ = {
			isa = PBXResourcesBuildPhase;
			buildActionMask = 2147483647;
			files = (
				1B395195215CA8D400429D63 /* LaunchScreen.storyboard in Resources */,
				1B3951BE215CC4AC00429D63 /* shiftDataList.plist in Resources */,
				1B395192215CA8D400429D63 /* Assets.xcassets in Resources */,
				1B395190215CA8D100429D63 /* Main.storyboard in Resources */,
			);
			runOnlyForDeploymentPostprocessing = 0;
		};
		1B39519B215CA8D400429D63 /* Resources */ = {
			isa = PBXResourcesBuildPhase;
			buildActionMask = 2147483647;
			files = (
			);
			runOnlyForDeploymentPostprocessing = 0;
		};
		1B3951A6215CA8D400429D63 /* Resources */ = {
			isa = PBXResourcesBuildPhase;
			buildActionMask = 2147483647;
			files = (
			);
			runOnlyForDeploymentPostprocessing = 0;
		};
/* End PBXResourcesBuildPhase section */

/* Begin PBXSourcesBuildPhase section */
		1B395181215CA8D100429D63 /* Sources */ = {
			isa = PBXSourcesBuildPhase;
			buildActionMask = 2147483647;
			files = (
				1B3951BC215CA91700429D63 /* MHPickerMenuView.m in Sources */,
				1B39518D215CA8D100429D63 /* ViewController.m in Sources */,
				1B395198215CA8D400429D63 /* main.m in Sources */,
				1B39518A215CA8D100429D63 /* AppDelegate.m in Sources */,
			);
			runOnlyForDeploymentPostprocessing = 0;
		};
		1B395199215CA8D400429D63 /* Sources */ = {
			isa = PBXSourcesBuildPhase;
			buildActionMask = 2147483647;
			files = (
				1B3951A2215CA8D400429D63 /* MHPickerMenuTests.m in Sources */,
			);
			runOnlyForDeploymentPostprocessing = 0;
		};
		1B3951A4215CA8D400429D63 /* Sources */ = {
			isa = PBXSourcesBuildPhase;
			buildActionMask = 2147483647;
			files = (
				1B3951AD215CA8D400429D63 /* MHPickerMenuUITests.m in Sources */,
			);
			runOnlyForDeploymentPostprocessing = 0;
		};
/* End PBXSourcesBuildPhase section */

/* Begin PBXTargetDependency section */
		1B39519F215CA8D400429D63 /* PBXTargetDependency */ = {
			isa = PBXTargetDependency;
			target = 1B395184215CA8D100429D63 /* MHPickerMenu */;
			targetProxy = 1B39519E215CA8D400429D63 /* PBXContainerItemProxy */;
		};
		1B3951AA215CA8D400429D63 /* PBXTargetDependency */ = {
			isa = PBXTargetDependency;
			target = 1B395184215CA8D100429D63 /* MHPickerMenu */;
			targetProxy = 1B3951A9215CA8D400429D63 /* PBXContainerItemProxy */;
		};
/* End PBXTargetDependency section */

/* Begin PBXVariantGroup section */
		1B39518E215CA8D100429D63 /* Main.storyboard */ = {
			isa = PBXVariantGroup;
			children = (
				1B39518F215CA8D100429D63 /* Base */,
			);
			name = Main.storyboard;
			sourceTree = "<group>";
		};
		1B395193215CA8D400429D63 /* LaunchScreen.storyboard */ = {
			isa = PBXVariantGroup;
			children = (
				1B395194215CA8D400429D63 /* Base */,
			);
			name = LaunchScreen.storyboard;
			sourceTree = "<group>";
		};
/* End PBXVariantGroup section */

/* Begin XCBuildConfiguration section */
		1B3951AF215CA8D400429D63 /* Debug */ = {
			isa = XCBuildConfiguration;
			buildSettings = {
				ALWAYS_SEARCH_USER_PATHS = NO;
				CLANG_ANALYZER_NONNULL = YES;
				CLANG_ANALYZER_NUMBER_OBJECT_CONVERSION = YES_AGGRESSIVE;
				CLANG_CXX_LANGUAGE_STANDARD = "gnu++14";
				CLANG_CXX_LIBRARY = "libc++";
				CLANG_ENABLE_MODULES = YES;
				CLANG_ENABLE_OBJC_ARC = YES;
				CLANG_ENABLE_OBJC_WEAK = YES;
				CLANG_WARN_BLOCK_CAPTURE_AUTORELEASING = YES;
				CLANG_WARN_BOOL_CONVERSION = YES;
				CLANG_WARN_COMMA = YES;
				CLANG_WARN_CONSTANT_CONVERSION = YES;
				CLANG_WARN_DEPRECATED_OBJC_IMPLEMENTATIONS = YES;
				CLANG_WARN_DIRECT_OBJC_ISA_USAGE = YES_ERROR;
				CLANG_WARN_DOCUMENTATION_COMMENTS = YES;
				CLANG_WARN_EMPTY_BODY = YES;
				CLANG_WARN_ENUM_CONVERSION = YES;
				CLANG_WARN_INFINITE_RECURSION = YES;
				CLANG_WARN_INT_CONVERSION = YES;
				CLANG_WARN_NON_LITERAL_NULL_CONVERSION = YES;
				CLANG_WARN_OBJC_IMPLICIT_RETAIN_SELF = YES;
				CLANG_WARN_OBJC_LITERAL_CONVERSION = YES;
				CLANG_WARN_OBJC_ROOT_CLASS = YES_ERROR;
				CLANG_WARN_RANGE_LOOP_ANALYSIS = YES;
				CLANG_WARN_STRICT_PROTOTYPES = YES;
				CLANG_WARN_SUSPICIOUS_MOVE = YES;
				CLANG_WARN_UNGUARDED_AVAILABILITY = YES_AGGRESSIVE;
				CLANG_WARN_UNREACHABLE_CODE = YES;
				CLANG_WARN__DUPLICATE_METHOD_MATCH = YES;
				CODE_SIGN_IDENTITY = "iPhone Developer";
				COPY_PHASE_STRIP = NO;
				DEBUG_INFORMATION_FORMAT = dwarf;
				ENABLE_STRICT_OBJC_MSGSEND = YES;
				ENABLE_TESTABILITY = YES;
				GCC_C_LANGUAGE_STANDARD = gnu11;
				GCC_DYNAMIC_NO_PIC = NO;
				GCC_NO_COMMON_BLOCKS = YES;
				GCC_OPTIMIZATION_LEVEL = 0;
				GCC_PREPROCESSOR_DEFINITIONS = (
					"DEBUG=1",
					"$(inherited)",
				);
				GCC_WARN_64_TO_32_BIT_CONVERSION = YES;
				GCC_WARN_ABOUT_RETURN_TYPE = YES_ERROR;
				GCC_WARN_UNDECLARED_SELECTOR = YES;
				GCC_WARN_UNINITIALIZED_AUTOS = YES_AGGRESSIVE;
				GCC_WARN_UNUSED_FUNCTION = YES;
				GCC_WARN_UNUSED_VARIABLE = YES;
				IPHONEOS_DEPLOYMENT_TARGET = 12.0;
				MTL_ENABLE_DEBUG_INFO = INCLUDE_SOURCE;
				MTL_FAST_MATH = YES;
				ONLY_ACTIVE_ARCH = YES;
				SDKROOT = iphoneos;
			};
			name = Debug;
		};
		1B3951B0215CA8D400429D63 /* Release */ = {
			isa = XCBuildConfiguration;
			buildSettings = {
				ALWAYS_SEARCH_USER_PATHS = NO;
				CLANG_ANALYZER_NONNULL = YES;
				CLANG_ANALYZER_NUMBER_OBJECT_CONVERSION = YES_AGGRESSIVE;
				CLANG_CXX_LANGUAGE_STANDARD = "gnu++14";
				CLANG_CXX_LIBRARY = "libc++";
				CLANG_ENABLE_MODULES = YES;
				CLANG_ENABLE_OBJC_ARC = YES;
				CLANG_ENABLE_OBJC_WEAK = YES;
				CLANG_WARN_BLOCK_CAPTURE_AUTORELEASING = YES;
				CLANG_WARN_BOOL_CONVERSION = YES;
				CLANG_WARN_COMMA = YES;
				CLANG_WARN_CONSTANT_CONVERSION = YES;
				CLANG_WARN_DEPRECATED_OBJC_IMPLEMENTATIONS = YES;
				CLANG_WARN_DIRECT_OBJC_ISA_USAGE = YES_ERROR;
				CLANG_WARN_DOCUMENTATION_COMMENTS = YES;
				CLANG_WARN_EMPTY_BODY = YES;
				CLANG_WARN_ENUM_CONVERSION = YES;
				CLANG_WARN_INFINITE_RECURSION = YES;
				CLANG_WARN_INT_CONVERSION = YES;
				CLANG_WARN_NON_LITERAL_NULL_CONVERSION = YES;
				CLANG_WARN_OBJC_IMPLICIT_RETAIN_SELF = YES;
				CLANG_WARN_OBJC_LITERAL_CONVERSION = YES;
				CLANG_WARN_OBJC_ROOT_CLASS = YES_ERROR;
				CLANG_WARN_RANGE_LOOP_ANALYSIS = YES;
				CLANG_WARN_STRICT_PROTOTYPES = YES;
				CLANG_WARN_SUSPICIOUS_MOVE = YES;
				CLANG_WARN_UNGUARDED_AVAILABILITY = YES_AGGRESSIVE;
				CLANG_WARN_UNREACHABLE_CODE = YES;
				CLANG_WARN__DUPLICATE_METHOD_MATCH = YES;
				CODE_SIGN_IDENTITY = "iPhone Developer";
				COPY_PHASE_STRIP = NO;
				DEBUG_INFORMATION_FORMAT = "dwarf-with-dsym";
				ENABLE_NS_ASSERTIONS = NO;
				ENABLE_STRICT_OBJC_MSGSEND = YES;
				GCC_C_LANGUAGE_STANDARD = gnu11;
				GCC_NO_COMMON_BLOCKS = YES;
				GCC_WARN_64_TO_32_BIT_CONVERSION = YES;
				GCC_WARN_ABOUT_RETURN_TYPE = YES_ERROR;
				GCC_WARN_UNDECLARED_SELECTOR = YES;
				GCC_WARN_UNINITIALIZED_AUTOS = YES_AGGRESSIVE;
				GCC_WARN_UNUSED_FUNCTION = YES;
				GCC_WARN_UNUSED_VARIABLE = YES;
				IPHONEOS_DEPLOYMENT_TARGET = 12.0;
				MTL_ENABLE_DEBUG_INFO = NO;
				MTL_FAST_MATH = YES;
				SDKROOT = iphoneos;
				VALIDATE_PRODUCT = YES;
			};
			name = Release;
		};
		1B3951B2215CA8D400429D63 /* Debug */ = {
			isa = XCBuildConfiguration;
			buildSettings = {
				ASSETCATALOG_COMPILER_APPICON_NAME = AppIcon;
				CODE_SIGN_STYLE = Automatic;
				INFOPLIST_FILE = MHPickerMenu/Info.plist;
				LD_RUNPATH_SEARCH_PATHS = (
					"$(inherited)",
					"@executable_path/Frameworks",
				);
				PRODUCT_BUNDLE_IDENTIFIER = yudao.MHPickerMenu;
				PRODUCT_NAME = "$(TARGET_NAME)";
				TARGETED_DEVICE_FAMILY = "1,2";
			};
			name = Debug;
		};
		1B3951B3215CA8D400429D63 /* Release */ = {
			isa = XCBuildConfiguration;
			buildSettings = {
				ASSETCATALOG_COMPILER_APPICON_NAME = AppIcon;
				CODE_SIGN_STYLE = Automatic;
				INFOPLIST_FILE = MHPickerMenu/Info.plist;
				LD_RUNPATH_SEARCH_PATHS = (
					"$(inherited)",
					"@executable_path/Frameworks",
				);
				PRODUCT_BUNDLE_IDENTIFIER = yudao.MHPickerMenu;
				PRODUCT_NAME = "$(TARGET_NAME)";
				TARGETED_DEVICE_FAMILY = "1,2";
			};
			name = Release;
		};
		1B3951B5215CA8D400429D63 /* Debug */ = {
			isa = XCBuildConfiguration;
			buildSettings = {
				BUNDLE_LOADER = "$(TEST_HOST)";
				CODE_SIGN_STYLE = Automatic;
				INFOPLIST_FILE = MHPickerMenuTests/Info.plist;
				LD_RUNPATH_SEARCH_PATHS = (
					"$(inherited)",
					"@executable_path/Frameworks",
					"@loader_path/Frameworks",
				);
				PRODUCT_BUNDLE_IDENTIFIER = yudao.MHPickerMenuTests;
				PRODUCT_NAME = "$(TARGET_NAME)";
				TARGETED_DEVICE_FAMILY = "1,2";
				TEST_HOST = "$(BUILT_PRODUCTS_DIR)/MHPickerMenu.app/MHPickerMenu";
			};
			name = Debug;
		};
		1B3951B6215CA8D400429D63 /* Release */ = {
			isa = XCBuildConfiguration;
			buildSettings = {
				BUNDLE_LOADER = "$(TEST_HOST)";
				CODE_SIGN_STYLE = Automatic;
				INFOPLIST_FILE = MHPickerMenuTests/Info.plist;
				LD_RUNPATH_SEARCH_PATHS = (
					"$(inherited)",
					"@executable_path/Frameworks",
					"@loader_path/Frameworks",
				);
				PRODUCT_BUNDLE_IDENTIFIER = yudao.MHPickerMenuTests;
				PRODUCT_NAME = "$(TARGET_NAME)";
				TARGETED_DEVICE_FAMILY = "1,2";
				TEST_HOST = "$(BUILT_PRODUCTS_DIR)/MHPickerMenu.app/MHPickerMenu";
			};
			name = Release;
		};
		1B3951B8215CA8D400429D63 /* Debug */ = {
			isa = XCBuildConfiguration;
			buildSettings = {
				CODE_SIGN_STYLE = Automatic;
				INFOPLIST_FILE = MHPickerMenuUITests/Info.plist;
				LD_RUNPATH_SEARCH_PATHS = (
					"$(inherited)",
					"@executable_path/Frameworks",
					"@loader_path/Frameworks",
				);
				PRODUCT_BUNDLE_IDENTIFIER = yudao.MHPickerMenuUITests;
				PRODUCT_NAME = "$(TARGET_NAME)";
				TARGETED_DEVICE_FAMILY = "1,2";
				TEST_TARGET_NAME = MHPickerMenu;
			};
			name = Debug;
		};
		1B3951B9215CA8D400429D63 /* Release */ = {
			isa = XCBuildConfiguration;
			buildSettings = {
				CODE_SIGN_STYLE = Automatic;
				INFOPLIST_FILE = MHPickerMenuUITests/Info.plist;
				LD_RUNPATH_SEARCH_PATHS = (
					"$(inherited)",
					"@executable_path/Frameworks",
					"@loader_path/Frameworks",
				);
				PRODUCT_BUNDLE_IDENTIFIER = yudao.MHPickerMenuUITests;
				PRODUCT_NAME = "$(TARGET_NAME)";
				TARGETED_DEVICE_FAMILY = "1,2";
				TEST_TARGET_NAME = MHPickerMenu;
			};
			name = Release;
		};
/* End XCBuildConfiguration section */

/* Begin XCConfigurationList section */
		1B395180215CA8D100429D63 /* Build configuration list for PBXProject "MHPickerMenu" */ = {
			isa = XCConfigurationList;
			buildConfigurations = (
				1B3951AF215CA8D400429D63 /* Debug */,
				1B3951B0215CA8D400429D63 /* Release */,
			);
			defaultConfigurationIsVisible = 0;
			defaultConfigurationName = Release;
		};
		1B3951B1215CA8D400429D63 /* Build configuration list for PBXNativeTarget "MHPickerMenu" */ = {
			isa = XCConfigurationList;
			buildConfigurations = (
				1B3951B2215CA8D400429D63 /* Debug */,
				1B3951B3215CA8D400429D63 /* Release */,
			);
			defaultConfigurationIsVisible = 0;
			defaultConfigurationName = Release;
		};
		1B3951B4215CA8D400429D63 /* Build configuration list for PBXNativeTarget "MHPickerMenuTests" */ = {
			isa = XCConfigurationList;
			buildConfigurations = (
				1B3951B5215CA8D400429D63 /* Debug */,
				1B3951B6215CA8D400429D63 /* Release */,
			);
			defaultConfigurationIsVisible = 0;
			defaultConfigurationName = Release;
		};
		1B3951B7215CA8D400429D63 /* Build configuration list for PBXNativeTarget "MHPickerMenuUITests" */ = {
			isa = XCConfigurationList;
			buildConfigurations = (
				1B3951B8215CA8D400429D63 /* Debug */,
				1B3951B9215CA8D400429D63 /* Release */,
			);
			defaultConfigurationIsVisible = 0;
			defaultConfigurationName = Release;
		};
/* End XCConfigurationList section */
	};
	rootObject = 1B39517D215CA8D100429D63 /* Project object */;
}
